
Microsoft Visual Studio Solution File, Format Version 12.00
# Visual Studio Version 17
VisualStudioVersion = 17.3.32929.385
MinimumVisualStudioVersion = 10.0.40219.1
Project("{FAE04EC0-301F-11D3-BF4B-00C04F79EFBC}") = "PrimeraAplicacion", "PrimeraAplicacion.csproj", "{16983C49-933F-44D7-8BC9-68BEE37D298D}"
EndProject
Global
	GlobalSection(SolutionConfigurationPlatforms) = preSolution
		Debug|Any CPU = Debug|Any CPU
		Release|Any CPU = Release|Any CPU
	EndGlobalSection
	GlobalSection(ProjectConfigurationPlatforms) = postSolution
		{16983C49-933F-44D7-8BC9-68BEE37D298D}.Debug|Any CPU.ActiveCfg = Debug|Any CPU
		{16983C49-933F-44D7-8BC9-68BEE37D298D}.Debug|Any CPU.Build.0 = Debug|Any CPU
		{16983C49-933F-44D7-8BC9-68BEE37D298D}.Release|Any CPU.ActiveCfg = Release|Any CPU
		{16983C49-933F-44D7-8BC9-68BEE37D298D}.Release|Any CPU.Build.0 = Release|Any CPU
	EndGlobalSection
	GlobalSection(SolutionProperties) = preSolution
		HideSolutionNode = FALSE
	EndGlobalSection
	GlobalSection(ExtensibilityGlobals) = postSolution
		SolutionGuid = {2427C26C-F1F1-40B3-A105-8268BAE98806}
	EndGlobalSection
EndGlobal
